
Microsoft Visual Studio Solution File, Format Version 12.00
# Visual Studio Version 17
VisualStudioVersion = 17.11.35327.3
MinimumVisualStudioVersion = 10.0.40219.1
Project("{FAE04EC0-301F-11D3-BF4B-00C04F79EFBC}") = "Prague Parking - KevVersion", "Prague Parking - KevVersion\Prague Parking - KevVersion.csproj", "{E9CBC27A-0F5D-4AB5-9543-614252D3DA54}"
EndProject
Global
	GlobalSection(SolutionConfigurationPlatforms) = preSolution
		Debug|Any CPU = Debug|Any CPU
		Release|Any CPU = Release|Any CPU
	EndGlobalSection
	GlobalSection(ProjectConfigurationPlatforms) = postSolution
		{E9CBC27A-0F5D-4AB5-9543-614252D3DA54}.Debug|Any CPU.ActiveCfg = Debug|Any CPU
		{E9CBC27A-0F5D-4AB5-9543-614252D3DA54}.Debug|Any CPU.Build.0 = Debug|Any CPU
		{E9CBC27A-0F5D-4AB5-9543-614252D3DA54}.Release|Any CPU.ActiveCfg = Release|Any CPU
		{E9CBC27A-0F5D-4AB5-9543-614252D3DA54}.Release|Any CPU.Build.0 = Release|Any CPU
	EndGlobalSection
	GlobalSection(SolutionProperties) = preSolution
		HideSolutionNode = FALSE
	EndGlobalSection
	GlobalSection(ExtensibilityGlobals) = postSolution
		SolutionGuid = {98B547B7-F0DC-4E61-A265-FFF5EBC55E6C}
	EndGlobalSection
EndGlobal
